
Microsoft Visual Studio Solution File, Format Version 12.00
# Visual Studio Version 17
VisualStudioVersion = 17.8.34525.116
MinimumVisualStudioVersion = 10.0.40219.1
Project("{FAE04EC0-301F-11D3-BF4B-00C04F79EFBC}") = "Schmoekel _11", "Schmoekel _11\Schmoekel _11.csproj", "{39B1A0C8-765E-499A-9DC3-93A559576667}"
EndProject
Global
	GlobalSection(SolutionConfigurationPlatforms) = preSolution
		Debug|Any CPU = Debug|Any CPU
		Release|Any CPU = Release|Any CPU
	EndGlobalSection
	GlobalSection(ProjectConfigurationPlatforms) = postSolution
		{39B1A0C8-765E-499A-9DC3-93A559576667}.Debug|Any CPU.ActiveCfg = Debug|Any CPU
		{39B1A0C8-765E-499A-9DC3-93A559576667}.Debug|Any CPU.Build.0 = Debug|Any CPU
		{39B1A0C8-765E-499A-9DC3-93A559576667}.Release|Any CPU.ActiveCfg = Release|Any CPU
		{39B1A0C8-765E-499A-9DC3-93A559576667}.Release|Any CPU.Build.0 = Release|Any CPU
	EndGlobalSection
	GlobalSection(SolutionProperties) = preSolution
		HideSolutionNode = FALSE
	EndGlobalSection
	GlobalSection(ExtensibilityGlobals) = postSolution
		SolutionGuid = {623F64B2-E237-4EF4-93BC-FA1509991A82}
	EndGlobalSection
EndGlobal
